
Microsoft Visual Studio Solution File, Format Version 12.00
# Visual Studio Version 16
VisualStudioVersion = 16.0.31402.337
MinimumVisualStudioVersion = 10.0.40219.1
Project("{FAE04EC0-301F-11D3-BF4B-00C04F79EFBC}") = "TestProject1", "TestProject1\TestProject1.csproj", "{74FDFF7A-B574-46B0-B505-8CC3A6FE0286}"
EndProject
Global
	GlobalSection(SolutionConfigurationPlatforms) = preSolution
		Debug|Any CPU = Debug|Any CPU
		Release|Any CPU = Release|Any CPU
	EndGlobalSection
	GlobalSection(ProjectConfigurationPlatforms) = postSolution
		{74FDFF7A-B574-46B0-B505-8CC3A6FE0286}.Debug|Any CPU.ActiveCfg = Debug|Any CPU
		{74FDFF7A-B574-46B0-B505-8CC3A6FE0286}.Debug|Any CPU.Build.0 = Debug|Any CPU
		{74FDFF7A-B574-46B0-B505-8CC3A6FE0286}.Release|Any CPU.ActiveCfg = Release|Any CPU
		{74FDFF7A-B574-46B0-B505-8CC3A6FE0286}.Release|Any CPU.Build.0 = Release|Any CPU
	EndGlobalSection
	GlobalSection(SolutionProperties) = preSolution
		HideSolutionNode = FALSE
	EndGlobalSection
	GlobalSection(ExtensibilityGlobals) = postSolution
		SolutionGuid = {BF0305B9-6CAE-4AB9-86F9-B92D2BFF38A7}
	EndGlobalSection
EndGlobal
